
Microsoft Visual Studio Solution File, Format Version 12.00
# Visual Studio 15
VisualStudioVersion = 15.0.28307.779
MinimumVisualStudioVersion = 10.0.40219.1
Project("{FAE04EC0-301F-11D3-BF4B-00C04F79EFBC}") = "EmployeeAPI", "EmployeeAPI\EmployeeAPI.csproj", "{CFA003EC-3645-4470-A8F3-A3127E9565BA}"
EndProject
Global
	GlobalSection(SolutionConfigurationPlatforms) = preSolution
		Debug|Any CPU = Debug|Any CPU
		Release|Any CPU = Release|Any CPU
	EndGlobalSection
	GlobalSection(ProjectConfigurationPlatforms) = postSolution
		{CFA003EC-3645-4470-A8F3-A3127E9565BA}.Debug|Any CPU.ActiveCfg = Debug|Any CPU
		{CFA003EC-3645-4470-A8F3-A3127E9565BA}.Debug|Any CPU.Build.0 = Debug|Any CPU
		{CFA003EC-3645-4470-A8F3-A3127E9565BA}.Release|Any CPU.ActiveCfg = Release|Any CPU
		{CFA003EC-3645-4470-A8F3-A3127E9565BA}.Release|Any CPU.Build.0 = Release|Any CPU
	EndGlobalSection
	GlobalSection(SolutionProperties) = preSolution
		HideSolutionNode = FALSE
	EndGlobalSection
	GlobalSection(ExtensibilityGlobals) = postSolution
		SolutionGuid = {BCA6B6AA-F4F2-4A5D-919F-8DC18D33975C}
	EndGlobalSection
EndGlobal
